// !$*UTF8*$!
{
	archiveVersion = 1;
	classes = {
	};
	objectVersion = 46;
	objects = {

/* Begin PBXBuildFile section */
		202A9E8E5888BB769196BDEC /* Pods_OnTheMapTests.framework in Frameworks */ = {isa = PBXBuildFile; fileRef = 71764E9DB36CE4329645528E /* Pods_OnTheMapTests.framework */; };
		3C14153F0E8EC89188BE510F /* Pods_OnTheMapUITests.framework in Frameworks */ = {isa = PBXBuildFile; fileRef = 93E980A5A6F5CB612A0A1343 /* Pods_OnTheMapUITests.framework */; };
		5758472B1E77C4CE00461C1D /* LinkInputViewController.swift in Sources */ = {isa = PBXBuildFile; fileRef = 5758472A1E77C4CE00461C1D /* LinkInputViewController.swift */; };
		575FE2731E63E34E00D9817E /* UsersTableViewController.swift in Sources */ = {isa = PBXBuildFile; fileRef = 575FE2721E63E34E00D9817E /* UsersTableViewController.swift */; };
		575FE2751E63F1D500D9817E /* UserTableViewCellController.swift in Sources */ = {isa = PBXBuildFile; fileRef = 575FE2741E63F1D500D9817E /* UserTableViewCellController.swift */; };
		575FE2771E6B58A600D9817E /* LocationInputViewController.swift in Sources */ = {isa = PBXBuildFile; fileRef = 575FE2761E6B58A600D9817E /* LocationInputViewController.swift */; };
		576C08141F14971800503628 /* PinViewController.swift in Sources */ = {isa = PBXBuildFile; fileRef = 576C08131F14971800503628 /* PinViewController.swift */; };
		579ED9631ED411C40014D5D3 /* ParseURLClient.swift in Sources */ = {isa = PBXBuildFile; fileRef = 579ED9621ED411C40014D5D3 /* ParseURLClient.swift */; };
		579F93DF1F161FD6008A5678 /* FacebookCore.framework in Frameworks */ = {isa = PBXBuildFile; fileRef = 572C22FA1F1615BA002E1194 /* FacebookCore.framework */; };
		579F93E01F161FD6008A5678 /* FacebookLogin.framework in Frameworks */ = {isa = PBXBuildFile; fileRef = 572C22FB1F1615BA002E1194 /* FacebookLogin.framework */; };
		579F93E61F161FD6008A5678 /* Bolts.framework in Frameworks */ = {isa = PBXBuildFile; fileRef = 579F93E11F161FD6008A5678 /* Bolts.framework */; };
		579F93E71F161FD6008A5678 /* FacebookShare.framework in Frameworks */ = {isa = PBXBuildFile; fileRef = 579F93E21F161FD6008A5678 /* FacebookShare.framework */; };
		579F93E81F161FD6008A5678 /* FBSDKCoreKit.framework in Frameworks */ = {isa = PBXBuildFile; fileRef = 579F93E31F161FD6008A5678 /* FBSDKCoreKit.framework */; };
		579F93E91F161FD6008A5678 /* FBSDKLoginKit.framework in Frameworks */ = {isa = PBXBuildFile; fileRef = 579F93E41F161FD6008A5678 /* FBSDKLoginKit.framework */; };
		579F93EA1F161FD6008A5678 /* FBSDKShareKit.framework in Frameworks */ = {isa = PBXBuildFile; fileRef = 579F93E51F161FD6008A5678 /* FBSDKShareKit.framework */; };
		57A504421EF10F3600B03303 /* ActivityIndicator.swift in Sources */ = {isa = PBXBuildFile; fileRef = 57A504411EF10F3600B03303 /* ActivityIndicator.swift */; };
		57A6F61C1E58338D00AE5753 /* StudentInformation.swift in Sources */ = {isa = PBXBuildFile; fileRef = 57A6F61B1E58338D00AE5753 /* StudentInformation.swift */; };
		57C0547A1ECC080E0099D39E /* LocationInputModel.swift in Sources */ = {isa = PBXBuildFile; fileRef = 57C054791ECC080E0099D39E /* LocationInputModel.swift */; };
		57CD4DE21E5A4B6B006D6EC8 /* MapViewController.swift in Sources */ = {isa = PBXBuildFile; fileRef = 57CD4DE11E5A4B6B006D6EC8 /* MapViewController.swift */; };
		AF02042B1E4FAB0500BB0AB5 /* ParseConveniceFunctions.swift in Sources */ = {isa = PBXBuildFile; fileRef = AF02042A1E4FAB0500BB0AB5 /* ParseConveniceFunctions.swift */; };
		AF07979C1E4839AD000E96E2 /* UdacityClient.swift in Sources */ = {isa = PBXBuildFile; fileRef = AF07979B1E4839AD000E96E2 /* UdacityClient.swift */; };
		AF07979E1E4839DA000E96E2 /* UdacityConstants.swift in Sources */ = {isa = PBXBuildFile; fileRef = AF07979D1E4839DA000E96E2 /* UdacityConstants.swift */; };
		AF6DF3CF1E4443C900D3B805 /* AppDelegate.swift in Sources */ = {isa = PBXBuildFile; fileRef = AF6DF3CE1E4443C900D3B805 /* AppDelegate.swift */; };
		AF6DF3D11E4443C900D3B805 /* UdacityLoginViewController.swift in Sources */ = {isa = PBXBuildFile; fileRef = AF6DF3D01E4443C900D3B805 /* UdacityLoginViewController.swift */; };
		AF6DF3D41E4443C900D3B805 /* Main.storyboard in Resources */ = {isa = PBXBuildFile; fileRef = AF6DF3D21E4443C900D3B805 /* Main.storyboard */; };
		AF6DF3D61E4443C900D3B805 /* Assets.xcassets in Resources */ = {isa = PBXBuildFile; fileRef = AF6DF3D51E4443C900D3B805 /* Assets.xcassets */; };
		AF6DF3D91E4443C900D3B805 /* LaunchScreen.storyboard in Resources */ = {isa = PBXBuildFile; fileRef = AF6DF3D71E4443C900D3B805 /* LaunchScreen.storyboard */; };
		AF6DF3E41E4443C900D3B805 /* OnTheMapTests.swift in Sources */ = {isa = PBXBuildFile; fileRef = AF6DF3E31E4443C900D3B805 /* OnTheMapTests.swift */; };
		AF6DF3EF1E4443C900D3B805 /* OnTheMapUITests.swift in Sources */ = {isa = PBXBuildFile; fileRef = AF6DF3EE1E4443C900D3B805 /* OnTheMapUITests.swift */; };
		AF6DF3FD1E450DD100D3B805 /* GCD.swift in Sources */ = {isa = PBXBuildFile; fileRef = AF6DF3FC1E450DD100D3B805 /* GCD.swift */; };
		AF6DF3FF1E4552E300D3B805 /* ParseClient.swift in Sources */ = {isa = PBXBuildFile; fileRef = AF6DF3FE1E4552E300D3B805 /* ParseClient.swift */; };
		AF6DF4011E45787D00D3B805 /* ParseConstants.swift in Sources */ = {isa = PBXBuildFile; fileRef = AF6DF4001E45787D00D3B805 /* ParseConstants.swift */; };
		AFE4624D1E4995AF005EF633 /* UdacityConvenienceFunctions.swift in Sources */ = {isa = PBXBuildFile; fileRef = AFE4624C1E4995AF005EF633 /* UdacityConvenienceFunctions.swift */; };
		AFE4624F1E49AC4D005EF633 /* GeneralNetworkingClient.swift in Sources */ = {isa = PBXBuildFile; fileRef = AFE4624E1E49AC4D005EF633 /* GeneralNetworkingClient.swift */; };
		C3FEBF0F1D72E0ADBD38BBC8 /* Pods_OnTheMap.framework in Frameworks */ = {isa = PBXBuildFile; fileRef = EBB337F8CC14CDC5AD6DD9D7 /* Pods_OnTheMap.framework */; };
/* End PBXBuildFile section */

/* Begin PBXContainerItemProxy section */
		AF6DF3E01E4443C900D3B805 /* PBXContainerItemProxy */ = {
			isa = PBXContainerItemProxy;
			containerPortal = AF6DF3C31E4443C800D3B805 /* Project object */;
			proxyType = 1;
			remoteGlobalIDString = AF6DF3CA1E4443C800D3B805;
			remoteInfo = OnTheMap;
		};
		AF6DF3EB1E4443C900D3B805 /* PBXContainerItemProxy */ = {
			isa = PBXContainerItemProxy;
			containerPortal = AF6DF3C31E4443C800D3B805 /* Project object */;
			proxyType = 1;
			remoteGlobalIDString = AF6DF3CA1E4443C800D3B805;
			remoteInfo = OnTheMap;
		};
/* End PBXContainerItemProxy section */

/* Begin PBXFileReference section */
		06184D08948C592EB9529553 /* Pods-OnTheMapUITests.release.xcconfig */ = {isa = PBXFileReference; includeInIndex = 1; lastKnownFileType = text.xcconfig; name = "Pods-OnTheMapUITests.release.xcconfig"; path = "Pods/Target Support Files/Pods-OnTheMapUITests/Pods-OnTheMapUITests.release.xcconfig"; sourceTree = "<group>"; };
		177F7AA8018C50E40AB60BC2 /* Pods-OnTheMapTests.release.xcconfig */ = {isa = PBXFileReference; includeInIndex = 1; lastKnownFileType = text.xcconfig; name = "Pods-OnTheMapTests.release.xcconfig"; path = "Pods/Target Support Files/Pods-OnTheMapTests/Pods-OnTheMapTests.release.xcconfig"; sourceTree = "<group>"; };
		572C22FA1F1615BA002E1194 /* FacebookCore.framework */ = {isa = PBXFileReference; lastKnownFileType = wrapper.framework; name = FacebookCore.framework; path = "../../Library/Developer/Xcode/DerivedData/OnTheMap-algvslqqtsqmcfdzbtvnrcbnaekn/Build/Products/Debug-iphonesimulator/FacebookCore/FacebookCore.framework"; sourceTree = "<group>"; };
		572C22FB1F1615BA002E1194 /* FacebookLogin.framework */ = {isa = PBXFileReference; lastKnownFileType = wrapper.framework; name = FacebookLogin.framework; path = "../../Library/Developer/Xcode/DerivedData/OnTheMap-algvslqqtsqmcfdzbtvnrcbnaekn/Build/Products/Debug-iphonesimulator/FacebookLogin/FacebookLogin.framework"; sourceTree = "<group>"; };
		572C22FC1F1615BA002E1194 /* FacebookShare.framework */ = {isa = PBXFileReference; lastKnownFileType = wrapper.framework; name = FacebookShare.framework; path = "Pods/../build/Debug-iphoneos/FacebookShare/FacebookShare.framework"; sourceTree = "<group>"; };
		572C22FD1F1615BA002E1194 /* FBSDKCoreKit.framework */ = {isa = PBXFileReference; lastKnownFileType = wrapper.framework; name = FBSDKCoreKit.framework; path = "Pods/../build/Debug-iphoneos/FBSDKCoreKit/FBSDKCoreKit.framework"; sourceTree = "<group>"; };
		572C22FE1F1615BA002E1194 /* FBSDKLoginKit.framework */ = {isa = PBXFileReference; lastKnownFileType = wrapper.framework; name = FBSDKLoginKit.framework; path = "Pods/../build/Debug-iphoneos/FBSDKLoginKit/FBSDKLoginKit.framework"; sourceTree = "<group>"; };
		572C22FF1F1615BA002E1194 /* FBSDKShareKit.framework */ = {isa = PBXFileReference; lastKnownFileType = wrapper.framework; name = FBSDKShareKit.framework; path = "Pods/../build/Debug-iphoneos/FBSDKShareKit/FBSDKShareKit.framework"; sourceTree = "<group>"; };
		5758472A1E77C4CE00461C1D /* LinkInputViewController.swift */ = {isa = PBXFileReference; fileEncoding = 4; lastKnownFileType = sourcecode.swift; path = LinkInputViewController.swift; sourceTree = "<group>"; };
		575FE2721E63E34E00D9817E /* UsersTableViewController.swift */ = {isa = PBXFileReference; fileEncoding = 4; lastKnownFileType = sourcecode.swift; path = UsersTableViewController.swift; sourceTree = "<group>"; };
		575FE2741E63F1D500D9817E /* UserTableViewCellController.swift */ = {isa = PBXFileReference; fileEncoding = 4; lastKnownFileType = sourcecode.swift; path = UserTableViewCellController.swift; sourceTree = "<group>"; };
		575FE2761E6B58A600D9817E /* LocationInputViewController.swift */ = {isa = PBXFileReference; fileEncoding = 4; lastKnownFileType = sourcecode.swift; path = LocationInputViewController.swift; sourceTree = "<group>"; };
		576C08131F14971800503628 /* PinViewController.swift */ = {isa = PBXFileReference; fileEncoding = 4; lastKnownFileType = sourcecode.swift; path = PinViewController.swift; sourceTree = "<group>"; };
		579ED9621ED411C40014D5D3 /* ParseURLClient.swift */ = {isa = PBXFileReference; fileEncoding = 4; lastKnownFileType = sourcecode.swift; path = ParseURLClient.swift; sourceTree = "<group>"; };
		579F93E11F161FD6008A5678 /* Bolts.framework */ = {isa = PBXFileReference; lastKnownFileType = wrapper.framework; name = Bolts.framework; path = "Pods/../build/Debug-iphoneos/Bolts/Bolts.framework"; sourceTree = "<group>"; };
		579F93E21F161FD6008A5678 /* FacebookShare.framework */ = {isa = PBXFileReference; lastKnownFileType = wrapper.framework; name = FacebookShare.framework; path = "Pods/../build/Debug-iphoneos/FacebookShare/FacebookShare.framework"; sourceTree = "<group>"; };
		579F93E31F161FD6008A5678 /* FBSDKCoreKit.framework */ = {isa = PBXFileReference; lastKnownFileType = wrapper.framework; name = FBSDKCoreKit.framework; path = "Pods/../build/Debug-iphoneos/FBSDKCoreKit/FBSDKCoreKit.framework"; sourceTree = "<group>"; };
		579F93E41F161FD6008A5678 /* FBSDKLoginKit.framework */ = {isa = PBXFileReference; lastKnownFileType = wrapper.framework; name = FBSDKLoginKit.framework; path = "Pods/../build/Debug-iphoneos/FBSDKLoginKit/FBSDKLoginKit.framework"; sourceTree = "<group>"; };
		579F93E51F161FD6008A5678 /* FBSDKShareKit.framework */ = {isa = PBXFileReference; lastKnownFileType = wrapper.framework; name = FBSDKShareKit.framework; path = "Pods/../build/Debug-iphoneos/FBSDKShareKit/FBSDKShareKit.framework"; sourceTree = "<group>"; };
		57A504411EF10F3600B03303 /* ActivityIndicator.swift */ = {isa = PBXFileReference; fileEncoding = 4; lastKnownFileType = sourcecode.swift; path = ActivityIndicator.swift; sourceTree = "<group>"; };
		57A6F61B1E58338D00AE5753 /* StudentInformation.swift */ = {isa = PBXFileReference; fileEncoding = 4; lastKnownFileType = sourcecode.swift; path = StudentInformation.swift; sourceTree = "<group>"; };
		57C054791ECC080E0099D39E /* LocationInputModel.swift */ = {isa = PBXFileReference; fileEncoding = 4; lastKnownFileType = sourcecode.swift; path = LocationInputModel.swift; sourceTree = "<group>"; };
		57CD4DE11E5A4B6B006D6EC8 /* MapViewController.swift */ = {isa = PBXFileReference; fileEncoding = 4; lastKnownFileType = sourcecode.swift; path = MapViewController.swift; sourceTree = "<group>"; };
		58ABC5A985045D5EDBEE09F4 /* Pods-OnTheMap.debug.xcconfig */ = {isa = PBXFileReference; includeInIndex = 1; lastKnownFileType = text.xcconfig; name = "Pods-OnTheMap.debug.xcconfig"; path = "Pods/Target Support Files/Pods-OnTheMap/Pods-OnTheMap.debug.xcconfig"; sourceTree = "<group>"; };
		71764E9DB36CE4329645528E /* Pods_OnTheMapTests.framework */ = {isa = PBXFileReference; explicitFileType = wrapper.framework; includeInIndex = 0; path = Pods_OnTheMapTests.framework; sourceTree = BUILT_PRODUCTS_DIR; };
		93E980A5A6F5CB612A0A1343 /* Pods_OnTheMapUITests.framework */ = {isa = PBXFileReference; explicitFileType = wrapper.framework; includeInIndex = 0; path = Pods_OnTheMapUITests.framework; sourceTree = BUILT_PRODUCTS_DIR; };
		AF02042A1E4FAB0500BB0AB5 /* ParseConveniceFunctions.swift */ = {isa = PBXFileReference; fileEncoding = 4; lastKnownFileType = sourcecode.swift; path = ParseConveniceFunctions.swift; sourceTree = "<group>"; };
		AF07979B1E4839AD000E96E2 /* UdacityClient.swift */ = {isa = PBXFileReference; fileEncoding = 4; lastKnownFileType = sourcecode.swift; path = UdacityClient.swift; sourceTree = "<group>"; };
		AF07979D1E4839DA000E96E2 /* UdacityConstants.swift */ = {isa = PBXFileReference; fileEncoding = 4; lastKnownFileType = sourcecode.swift; path = UdacityConstants.swift; sourceTree = "<group>"; };
		AF6DF3CB1E4443C900D3B805 /* OnTheMap.app */ = {isa = PBXFileReference; explicitFileType = wrapper.application; includeInIndex = 0; path = OnTheMap.app; sourceTree = BUILT_PRODUCTS_DIR; };
		AF6DF3CE1E4443C900D3B805 /* AppDelegate.swift */ = {isa = PBXFileReference; lastKnownFileType = sourcecode.swift; path = AppDelegate.swift; sourceTree = "<group>"; };
		AF6DF3D01E4443C900D3B805 /* UdacityLoginViewController.swift */ = {isa = PBXFileReference; lastKnownFileType = sourcecode.swift; path = UdacityLoginViewController.swift; sourceTree = "<group>"; };
		AF6DF3D31E4443C900D3B805 /* Base */ = {isa = PBXFileReference; lastKnownFileType = file.storyboard; name = Base; path = Base.lproj/Main.storyboard; sourceTree = "<group>"; };
		AF6DF3D51E4443C900D3B805 /* Assets.xcassets */ = {isa = PBXFileReference; lastKnownFileType = folder.assetcatalog; path = Assets.xcassets; sourceTree = "<group>"; };
		AF6DF3D81E4443C900D3B805 /* Base */ = {isa = PBXFileReference; lastKnownFileType = file.storyboard; name = Base; path = Base.lproj/LaunchScreen.storyboard; sourceTree = "<group>"; };
		AF6DF3DA1E4443C900D3B805 /* Info.plist */ = {isa = PBXFileReference; lastKnownFileType = text.plist.xml; path = Info.plist; sourceTree = "<group>"; };
		AF6DF3DF1E4443C900D3B805 /* OnTheMapTests.xctest */ = {isa = PBXFileReference; explicitFileType = wrapper.cfbundle; includeInIndex = 0; path = OnTheMapTests.xctest; sourceTree = BUILT_PRODUCTS_DIR; };
		AF6DF3E31E4443C900D3B805 /* OnTheMapTests.swift */ = {isa = PBXFileReference; lastKnownFileType = sourcecode.swift; path = OnTheMapTests.swift; sourceTree = "<group>"; };
		AF6DF3E51E4443C900D3B805 /* Info.plist */ = {isa = PBXFileReference; lastKnownFileType = text.plist.xml; path = Info.plist; sourceTree = "<group>"; };
		AF6DF3EA1E4443C900D3B805 /* OnTheMapUITests.xctest */ = {isa = PBXFileReference; explicitFileType = wrapper.cfbundle; includeInIndex = 0; path = OnTheMapUITests.xctest; sourceTree = BUILT_PRODUCTS_DIR; };
		AF6DF3EE1E4443C900D3B805 /* OnTheMapUITests.swift */ = {isa = PBXFileReference; lastKnownFileType = sourcecode.swift; path = OnTheMapUITests.swift; sourceTree = "<group>"; };
		AF6DF3F01E4443C900D3B805 /* Info.plist */ = {isa = PBXFileReference; lastKnownFileType = text.plist.xml; path = Info.plist; sourceTree = "<group>"; };
		AF6DF3FC1E450DD100D3B805 /* GCD.swift */ = {isa = PBXFileReference; fileEncoding = 4; lastKnownFileType = sourcecode.swift; path = GCD.swift; sourceTree = "<group>"; };
		AF6DF3FE1E4552E300D3B805 /* ParseClient.swift */ = {isa = PBXFileReference; fileEncoding = 4; lastKnownFileType = sourcecode.swift; path = ParseClient.swift; sourceTree = "<group>"; };
		AF6DF4001E45787D00D3B805 /* ParseConstants.swift */ = {isa = PBXFileReference; fileEncoding = 4; lastKnownFileType = sourcecode.swift; path = ParseConstants.swift; sourceTree = "<group>"; };
		AFE4624C1E4995AF005EF633 /* UdacityConvenienceFunctions.swift */ = {isa = PBXFileReference; fileEncoding = 4; lastKnownFileType = sourcecode.swift; path = UdacityConvenienceFunctions.swift; sourceTree = "<group>"; };
		AFE4624E1E49AC4D005EF633 /* GeneralNetworkingClient.swift */ = {isa = PBXFileReference; fileEncoding = 4; lastKnownFileType = sourcecode.swift; path = GeneralNetworkingClient.swift; sourceTree = "<group>"; };
		B7583718334C7B54FD52CDC7 /* Pods-OnTheMapUITests.debug.xcconfig */ = {isa = PBXFileReference; includeInIndex = 1; lastKnownFileType = text.xcconfig; name = "Pods-OnTheMapUITests.debug.xcconfig"; path = "Pods/Target Support Files/Pods-OnTheMapUITests/Pods-OnTheMapUITests.debug.xcconfig"; sourceTree = "<group>"; };
		D7C9B674AC2405224651B11F /* Pods-OnTheMap.release.xcconfig */ = {isa = PBXFileReference; includeInIndex = 1; lastKnownFileType = text.xcconfig; name = "Pods-OnTheMap.release.xcconfig"; path = "Pods/Target Support Files/Pods-OnTheMap/Pods-OnTheMap.release.xcconfig"; sourceTree = "<group>"; };
		EBB337F8CC14CDC5AD6DD9D7 /* Pods_OnTheMap.framework */ = {isa = PBXFileReference; explicitFileType = wrapper.framework; includeInIndex = 0; path = Pods_OnTheMap.framework; sourceTree = BUILT_PRODUCTS_DIR; };
		FC84CE730D53A3F27C9232F1 /* Pods-OnTheMapTests.debug.xcconfig */ = {isa = PBXFileReference; includeInIndex = 1; lastKnownFileType = text.xcconfig; name = "Pods-OnTheMapTests.debug.xcconfig"; path = "Pods/Target Support Files/Pods-OnTheMapTests/Pods-OnTheMapTests.debug.xcconfig"; sourceTree = "<group>"; };
/* End PBXFileReference section */

/* Begin PBXFrameworksBuildPhase section */
		AF6DF3C81E4443C800D3B805 /* Frameworks */ = {
			isa = PBXFrameworksBuildPhase;
			buildActionMask = 2147483647;
			files = (
				579F93E61F161FD6008A5678 /* Bolts.framework in Frameworks */,
				579F93E71F161FD6008A5678 /* FacebookShare.framework in Frameworks */,
				579F93E81F161FD6008A5678 /* FBSDKCoreKit.framework in Frameworks */,
				579F93E91F161FD6008A5678 /* FBSDKLoginKit.framework in Frameworks */,
				579F93EA1F161FD6008A5678 /* FBSDKShareKit.framework in Frameworks */,
				579F93DF1F161FD6008A5678 /* FacebookCore.framework in Frameworks */,
				579F93E01F161FD6008A5678 /* FacebookLogin.framework in Frameworks */,
				C3FEBF0F1D72E0ADBD38BBC8 /* Pods_OnTheMap.framework in Frameworks */,
			);
			runOnlyForDeploymentPostprocessing = 0;
		};
		AF6DF3DC1E4443C900D3B805 /* Frameworks */ = {
			isa = PBXFrameworksBuildPhase;
			buildActionMask = 2147483647;
			files = (
				202A9E8E5888BB769196BDEC /* Pods_OnTheMapTests.framework in Frameworks */,
			);
			runOnlyForDeploymentPostprocessing = 0;
		};
		AF6DF3E71E4443C900D3B805 /* Frameworks */ = {
			isa = PBXFrameworksBuildPhase;
			buildActionMask = 2147483647;
			files = (
				3C14153F0E8EC89188BE510F /* Pods_OnTheMapUITests.framework in Frameworks */,
			);
			runOnlyForDeploymentPostprocessing = 0;
		};
/* End PBXFrameworksBuildPhase section */

/* Begin PBXGroup section */
		57A504431EF1180600B03303 /* View */ = {
			isa = PBXGroup;
			children = (
				57A504411EF10F3600B03303 /* ActivityIndicator.swift */,
			);
			name = View;
			path = OnTheMap;
			sourceTree = "<group>";
		};
		AF6DF3C21E4443C800D3B805 = {
			isa = PBXGroup;
			children = (
				AF6DF3CD1E4443C900D3B805 /* OnTheMap */,
				57A504431EF1180600B03303 /* View */,
				AF6DF3E21E4443C900D3B805 /* OnTheMapTests */,
				AF6DF3ED1E4443C900D3B805 /* OnTheMapUITests */,
				AF6DF3CC1E4443C900D3B805 /* Products */,
				F3F216C5EEE45D5247324C47 /* Pods */,
				BE13ADAE9589823C0E740838 /* Frameworks */,
			);
			sourceTree = "<group>";
		};
		AF6DF3CC1E4443C900D3B805 /* Products */ = {
			isa = PBXGroup;
			children = (
				AF6DF3CB1E4443C900D3B805 /* OnTheMap.app */,
				AF6DF3DF1E4443C900D3B805 /* OnTheMapTests.xctest */,
				AF6DF3EA1E4443C900D3B805 /* OnTheMapUITests.xctest */,
			);
			name = Products;
			sourceTree = "<group>";
		};
		AF6DF3CD1E4443C900D3B805 /* OnTheMap */ = {
			isa = PBXGroup;
			children = (
				AF6DF3CE1E4443C900D3B805 /* AppDelegate.swift */,
				AF6DF3D01E4443C900D3B805 /* UdacityLoginViewController.swift */,
				576C08131F14971800503628 /* PinViewController.swift */,
				57CD4DE11E5A4B6B006D6EC8 /* MapViewController.swift */,
				575FE2721E63E34E00D9817E /* UsersTableViewController.swift */,
				575FE2741E63F1D500D9817E /* UserTableViewCellController.swift */,
				575FE2761E6B58A600D9817E /* LocationInputViewController.swift */,
				5758472A1E77C4CE00461C1D /* LinkInputViewController.swift */,
				AFE462481E4991BE005EF633 /* Model */,
				AF6DF3D21E4443C900D3B805 /* Main.storyboard */,
				AF6DF3D51E4443C900D3B805 /* Assets.xcassets */,
				AF6DF3D71E4443C900D3B805 /* LaunchScreen.storyboard */,
				AF6DF3DA1E4443C900D3B805 /* Info.plist */,
			);
			path = OnTheMap;
			sourceTree = "<group>";
		};
		AF6DF3E21E4443C900D3B805 /* OnTheMapTests */ = {
			isa = PBXGroup;
			children = (
				AF6DF3E31E4443C900D3B805 /* OnTheMapTests.swift */,
				AF6DF3E51E4443C900D3B805 /* Info.plist */,
			);
			path = OnTheMapTests;
			sourceTree = "<group>";
		};
		AF6DF3ED1E4443C900D3B805 /* OnTheMapUITests */ = {
			isa = PBXGroup;
			children = (
				AF6DF3EE1E4443C900D3B805 /* OnTheMapUITests.swift */,
				AF6DF3F01E4443C900D3B805 /* Info.plist */,
			);
			path = OnTheMapUITests;
			sourceTree = "<group>";
		};
		AFE462481E4991BE005EF633 /* Model */ = {
			isa = PBXGroup;
			children = (
				AF6DF3FC1E450DD100D3B805 /* GCD.swift */,
				57C054791ECC080E0099D39E /* LocationInputModel.swift */,
				AFE462491E4991D1005EF633 /* Clients */,
			);
			name = Model;
			sourceTree = "<group>";
		};
		AFE462491E4991D1005EF633 /* Clients */ = {
			isa = PBXGroup;
			children = (
				AFE4624E1E49AC4D005EF633 /* GeneralNetworkingClient.swift */,
				57A6F61B1E58338D00AE5753 /* StudentInformation.swift */,
				AFE4624B1E4992D9005EF633 /* Parse */,
				AFE4624A1E4992C2005EF633 /* Udacity */,
			);
			name = Clients;
			sourceTree = "<group>";
		};
		AFE4624A1E4992C2005EF633 /* Udacity */ = {
			isa = PBXGroup;
			children = (
				AF07979B1E4839AD000E96E2 /* UdacityClient.swift */,
				AFE4624C1E4995AF005EF633 /* UdacityConvenienceFunctions.swift */,
				AF07979D1E4839DA000E96E2 /* UdacityConstants.swift */,
			);
			name = Udacity;
			sourceTree = "<group>";
		};
		AFE4624B1E4992D9005EF633 /* Parse */ = {
			isa = PBXGroup;
			children = (
				AF6DF3FE1E4552E300D3B805 /* ParseClient.swift */,
				AF02042A1E4FAB0500BB0AB5 /* ParseConveniceFunctions.swift */,
				579ED9621ED411C40014D5D3 /* ParseURLClient.swift */,
				AF6DF4001E45787D00D3B805 /* ParseConstants.swift */,
			);
			name = Parse;
			sourceTree = "<group>";
		};
		BE13ADAE9589823C0E740838 /* Frameworks */ = {
			isa = PBXGroup;
			children = (
				579F93E11F161FD6008A5678 /* Bolts.framework */,
				579F93E21F161FD6008A5678 /* FacebookShare.framework */,
				579F93E31F161FD6008A5678 /* FBSDKCoreKit.framework */,
				579F93E41F161FD6008A5678 /* FBSDKLoginKit.framework */,
				579F93E51F161FD6008A5678 /* FBSDKShareKit.framework */,
				572C22FA1F1615BA002E1194 /* FacebookCore.framework */,
				572C22FB1F1615BA002E1194 /* FacebookLogin.framework */,
				572C22FC1F1615BA002E1194 /* FacebookShare.framework */,
				572C22FD1F1615BA002E1194 /* FBSDKCoreKit.framework */,
				572C22FE1F1615BA002E1194 /* FBSDKLoginKit.framework */,
				572C22FF1F1615BA002E1194 /* FBSDKShareKit.framework */,
				EBB337F8CC14CDC5AD6DD9D7 /* Pods_OnTheMap.framework */,
				71764E9DB36CE4329645528E /* Pods_OnTheMapTests.framework */,
				93E980A5A6F5CB612A0A1343 /* Pods_OnTheMapUITests.framework */,
			);
			name = Frameworks;
			sourceTree = "<group>";
		};
		F3F216C5EEE45D5247324C47 /* Pods */ = {
			isa = PBXGroup;
			children = (
				58ABC5A985045D5EDBEE09F4 /* Pods-OnTheMap.debug.xcconfig */,
				D7C9B674AC2405224651B11F /* Pods-OnTheMap.release.xcconfig */,
				FC84CE730D53A3F27C9232F1 /* Pods-OnTheMapTests.debug.xcconfig */,
				177F7AA8018C50E40AB60BC2 /* Pods-OnTheMapTests.release.xcconfig */,
				B7583718334C7B54FD52CDC7 /* Pods-OnTheMapUITests.debug.xcconfig */,
				06184D08948C592EB9529553 /* Pods-OnTheMapUITests.release.xcconfig */,
			);
			name = Pods;
			sourceTree = "<group>";
		};
/* End PBXGroup section */

/* Begin PBXNativeTarget section */
		AF6DF3CA1E4443C800D3B805 /* OnTheMap */ = {
			isa = PBXNativeTarget;
			buildConfigurationList = AF6DF3F31E4443C900D3B805 /* Build configuration list for PBXNativeTarget "OnTheMap" */;
			buildPhases = (
				6F288A56EEE0229B9CDB56B6 /* [CP] Check Pods Manifest.lock */,
				AF6DF3C71E4443C800D3B805 /* Sources */,
				AF6DF3C81E4443C800D3B805 /* Frameworks */,
				AF6DF3C91E4443C800D3B805 /* Resources */,
				536E80801012700D9B125F9C /* [CP] Embed Pods Frameworks */,
				2454A4008278B406DA28CA44 /* [CP] Copy Pods Resources */,
			);
			buildRules = (
			);
			dependencies = (
			);
			name = OnTheMap;
			productName = OnTheMap;
			productReference = AF6DF3CB1E4443C900D3B805 /* OnTheMap.app */;
			productType = "com.apple.product-type.application";
		};
		AF6DF3DE1E4443C900D3B805 /* OnTheMapTests */ = {
			isa = PBXNativeTarget;
			buildConfigurationList = AF6DF3F61E4443C900D3B805 /* Build configuration list for PBXNativeTarget "OnTheMapTests" */;
			buildPhases = (
				9FB88F4512C515C90A2809D1 /* [CP] Check Pods Manifest.lock */,
				AF6DF3DB1E4443C900D3B805 /* Sources */,
				AF6DF3DC1E4443C900D3B805 /* Frameworks */,
				AF6DF3DD1E4443C900D3B805 /* Resources */,
				E34F04DF3C5D2EEFB0637592 /* [CP] Embed Pods Frameworks */,
				ECAD49C06094A0B5D1243AB2 /* [CP] Copy Pods Resources */,
			);
			buildRules = (
			);
			dependencies = (
				AF6DF3E11E4443C900D3B805 /* PBXTargetDependency */,
			);
			name = OnTheMapTests;
			productName = OnTheMapTests;
			productReference = AF6DF3DF1E4443C900D3B805 /* OnTheMapTests.xctest */;
			productType = "com.apple.product-type.bundle.unit-test";
		};
		AF6DF3E91E4443C900D3B805 /* OnTheMapUITests */ = {
			isa = PBXNativeTarget;
			buildConfigurationList = AF6DF3F91E4443C900D3B805 /* Build configuration list for PBXNativeTarget "OnTheMapUITests" */;
			buildPhases = (
				E09962893D891D9ECB29F5B6 /* [CP] Check Pods Manifest.lock */,
				AF6DF3E61E4443C900D3B805 /* Sources */,
				AF6DF3E71E4443C900D3B805 /* Frameworks */,
				AF6DF3E81E4443C900D3B805 /* Resources */,
				115B7EE7115941D354B08417 /* [CP] Embed Pods Frameworks */,
				D6747FF6281D5A04B2BC2FE9 /* [CP] Copy Pods Resources */,
			);
			buildRules = (
			);
			dependencies = (
				AF6DF3EC1E4443C900D3B805 /* PBXTargetDependency */,
			);
			name = OnTheMapUITests;
			productName = OnTheMapUITests;
			productReference = AF6DF3EA1E4443C900D3B805 /* OnTheMapUITests.xctest */;
			productType = "com.apple.product-type.bundle.ui-testing";
		};
/* End PBXNativeTarget section */

/* Begin PBXProject section */
		AF6DF3C31E4443C800D3B805 /* Project object */ = {
			isa = PBXProject;
			attributes = {
				LastSwiftUpdateCheck = 0810;
				LastUpgradeCheck = 0820;
				ORGANIZATIONNAME = "Mark Tapia";
				TargetAttributes = {
					AF6DF3CA1E4443C800D3B805 = {
						CreatedOnToolsVersion = 8.1;
						DevelopmentTeam = 7W4UP5Q55U;
						ProvisioningStyle = Automatic;
					};
					AF6DF3DE1E4443C900D3B805 = {
						CreatedOnToolsVersion = 8.1;
						DevelopmentTeam = CGABW4X2P7;
						ProvisioningStyle = Automatic;
						TestTargetID = AF6DF3CA1E4443C800D3B805;
					};
					AF6DF3E91E4443C900D3B805 = {
						CreatedOnToolsVersion = 8.1;
						DevelopmentTeam = CGABW4X2P7;
						ProvisioningStyle = Automatic;
						TestTargetID = AF6DF3CA1E4443C800D3B805;
					};
				};
			};
			buildConfigurationList = AF6DF3C61E4443C800D3B805 /* Build configuration list for PBXProject "OnTheMap" */;
			compatibilityVersion = "Xcode 3.2";
			developmentRegion = English;
			hasScannedForEncodings = 0;
			knownRegions = (
				en,
				Base,
			);
			mainGroup = AF6DF3C21E4443C800D3B805;
			productRefGroup = AF6DF3CC1E4443C900D3B805 /* Products */;
			projectDirPath = "";
			projectRoot = "";
			targets = (
				AF6DF3CA1E4443C800D3B805 /* OnTheMap */,
				AF6DF3DE1E4443C900D3B805 /* OnTheMapTests */,
				AF6DF3E91E4443C900D3B805 /* OnTheMapUITests */,
			);
		};
/* End PBXProject section */

/* Begin PBXResourcesBuildPhase section */
		AF6DF3C91E4443C800D3B805 /* Resources */ = {
			isa = PBXResourcesBuildPhase;
			buildActionMask = 2147483647;
			files = (
				AF6DF3D91E4443C900D3B805 /* LaunchScreen.storyboard in Resources */,
				AF6DF3D61E4443C900D3B805 /* Assets.xcassets in Resources */,
				AF6DF3D41E4443C900D3B805 /* Main.storyboard in Resources */,
			);
			runOnlyForDeploymentPostprocessing = 0;
		};
		AF6DF3DD1E4443C900D3B805 /* Resources */ = {
			isa = PBXResourcesBuildPhase;
			buildActionMask = 2147483647;
			files = (
			);
			runOnlyForDeploymentPostprocessing = 0;
		};
		AF6DF3E81E4443C900D3B805 /* Resources */ = {
			isa = PBXResourcesBuildPhase;
			buildActionMask = 2147483647;
			files = (
			);
			runOnlyForDeploymentPostprocessing = 0;
		};
/* End PBXResourcesBuildPhase section */

/* Begin PBXShellScriptBuildPhase section */
		115B7EE7115941D354B08417 /* [CP] Embed Pods Frameworks */ = {
			isa = PBXShellScriptBuildPhase;
			buildActionMask = 2147483647;
			files = (
			);
			inputPaths = (
			);
			name = "[CP] Embed Pods Frameworks";
			outputPaths = (
			);
			runOnlyForDeploymentPostprocessing = 0;
			shellPath = /bin/sh;
			shellScript = "\"${SRCROOT}/Pods/Target Support Files/Pods-OnTheMapUITests/Pods-OnTheMapUITests-frameworks.sh\"\n";
			showEnvVarsInLog = 0;
		};
		2454A4008278B406DA28CA44 /* [CP] Copy Pods Resources */ = {
			isa = PBXShellScriptBuildPhase;
			buildActionMask = 2147483647;
			files = (
			);
			inputPaths = (
			);
			name = "[CP] Copy Pods Resources";
			outputPaths = (
			);
			runOnlyForDeploymentPostprocessing = 0;
			shellPath = /bin/sh;
			shellScript = "\"${SRCROOT}/Pods/Target Support Files/Pods-OnTheMap/Pods-OnTheMap-resources.sh\"\n";
			showEnvVarsInLog = 0;
		};
		536E80801012700D9B125F9C /* [CP] Embed Pods Frameworks */ = {
			isa = PBXShellScriptBuildPhase;
			buildActionMask = 2147483647;
			files = (
			);
			inputPaths = (
			);
			name = "[CP] Embed Pods Frameworks";
			outputPaths = (
			);
			runOnlyForDeploymentPostprocessing = 0;
			shellPath = /bin/sh;
			shellScript = "\"${SRCROOT}/Pods/Target Support Files/Pods-OnTheMap/Pods-OnTheMap-frameworks.sh\"\n";
			showEnvVarsInLog = 0;
		};
		6F288A56EEE0229B9CDB56B6 /* [CP] Check Pods Manifest.lock */ = {
			isa = PBXShellScriptBuildPhase;
			buildActionMask = 2147483647;
			files = (
			);
			inputPaths = (
			);
			name = "[CP] Check Pods Manifest.lock";
			outputPaths = (
			);
			runOnlyForDeploymentPostprocessing = 0;
			shellPath = /bin/sh;
			shellScript = "diff \"${PODS_PODFILE_DIR_PATH}/Podfile.lock\" \"${PODS_ROOT}/Manifest.lock\" > /dev/null\nif [ $? != 0 ] ; then\n    # print error to STDERR\n    echo \"error: The sandbox is not in sync with the Podfile.lock. Run 'pod install' or update your CocoaPods installation.\" >&2\n    exit 1\nfi\n";
			showEnvVarsInLog = 0;
		};
		9FB88F4512C515C90A2809D1 /* [CP] Check Pods Manifest.lock */ = {
			isa = PBXShellScriptBuildPhase;
			buildActionMask = 2147483647;
			files = (
			);
			inputPaths = (
			);
			name = "[CP] Check Pods Manifest.lock";
			outputPaths = (
			);
			runOnlyForDeploymentPostprocessing = 0;
			shellPath = /bin/sh;
			shellScript = "diff \"${PODS_PODFILE_DIR_PATH}/Podfile.lock\" \"${PODS_ROOT}/Manifest.lock\" > /dev/null\nif [ $? != 0 ] ; then\n    # print error to STDERR\n    echo \"error: The sandbox is not in sync with the Podfile.lock. Run 'pod install' or update your CocoaPods installation.\" >&2\n    exit 1\nfi\n";
			showEnvVarsInLog = 0;
		};
		D6747FF6281D5A04B2BC2FE9 /* [CP] Copy Pods Resources */ = {
			isa = PBXShellScriptBuildPhase;
			buildActionMask = 2147483647;
			files = (
			);
			inputPaths = (
			);
			name = "[CP] Copy Pods Resources";
			outputPaths = (
			);
			runOnlyForDeploymentPostprocessing = 0;
			shellPath = /bin/sh;
			shellScript = "\"${SRCROOT}/Pods/Target Support Files/Pods-OnTheMapUITests/Pods-OnTheMapUITests-resources.sh\"\n";
			showEnvVarsInLog = 0;
		};
		E09962893D891D9ECB29F5B6 /* [CP] Check Pods Manifest.lock */ = {
			isa = PBXShellScriptBuildPhase;
			buildActionMask = 2147483647;
			files = (
			);
			inputPaths = (
			);
			name = "[CP] Check Pods Manifest.lock";
			outputPaths = (
			);
			runOnlyForDeploymentPostprocessing = 0;
			shellPath = /bin/sh;
			shellScript = "diff \"${PODS_PODFILE_DIR_PATH}/Podfile.lock\" \"${PODS_ROOT}/Manifest.lock\" > /dev/null\nif [ $? != 0 ] ; then\n    # print error to STDERR\n    echo \"error: The sandbox is not in sync with the Podfile.lock. Run 'pod install' or update your CocoaPods installation.\" >&2\n    exit 1\nfi\n";
			showEnvVarsInLog = 0;
		};
		E34F04DF3C5D2EEFB0637592 /* [CP] Embed Pods Frameworks */ = {
			isa = PBXShellScriptBuildPhase;
			buildActionMask = 2147483647;
			files = (
			);
			inputPaths = (
			);
			name = "[CP] Embed Pods Frameworks";
			outputPaths = (
			);
			runOnlyForDeploymentPostprocessing = 0;
			shellPath = /bin/sh;
			shellScript = "\"${SRCROOT}/Pods/Target Support Files/Pods-OnTheMapTests/Pods-OnTheMapTests-frameworks.sh\"\n";
			showEnvVarsInLog = 0;
		};
		ECAD49C06094A0B5D1243AB2 /* [CP] Copy Pods Resources */ = {
			isa = PBXShellScriptBuildPhase;
			buildActionMask = 2147483647;
			files = (
			);
			inputPaths = (
			);
			name = "[CP] Copy Pods Resources";
			outputPaths = (
			);
			runOnlyForDeploymentPostprocessing = 0;
			shellPath = /bin/sh;
			shellScript = "\"${SRCROOT}/Pods/Target Support Files/Pods-OnTheMapTests/Pods-OnTheMapTests-resources.sh\"\n";
			showEnvVarsInLog = 0;
		};
/* End PBXShellScriptBuildPhase section */

/* Begin PBXSourcesBuildPhase section */
		AF6DF3C71E4443C800D3B805 /* Sources */ = {
			isa = PBXSourcesBuildPhase;
			buildActionMask = 2147483647;
			files = (
				AF02042B1E4FAB0500BB0AB5 /* ParseConveniceFunctions.swift in Sources */,
				AF6DF3FF1E4552E300D3B805 /* ParseClient.swift in Sources */,
				576C08141F14971800503628 /* PinViewController.swift in Sources */,
				57A504421EF10F3600B03303 /* ActivityIndicator.swift in Sources */,
				AF07979E1E4839DA000E96E2 /* UdacityConstants.swift in Sources */,
				AF6DF4011E45787D00D3B805 /* ParseConstants.swift in Sources */,
				575FE2751E63F1D500D9817E /* UserTableViewCellController.swift in Sources */,
				5758472B1E77C4CE00461C1D /* LinkInputViewController.swift in Sources */,
				AF07979C1E4839AD000E96E2 /* UdacityClient.swift in Sources */,
				575FE2771E6B58A600D9817E /* LocationInputViewController.swift in Sources */,
				AF6DF3FD1E450DD100D3B805 /* GCD.swift in Sources */,
				575FE2731E63E34E00D9817E /* UsersTableViewController.swift in Sources */,
				AF6DF3D11E4443C900D3B805 /* UdacityLoginViewController.swift in Sources */,
				57CD4DE21E5A4B6B006D6EC8 /* MapViewController.swift in Sources */,
				579ED9631ED411C40014D5D3 /* ParseURLClient.swift in Sources */,
				AFE4624F1E49AC4D005EF633 /* GeneralNetworkingClient.swift in Sources */,
				AF6DF3CF1E4443C900D3B805 /* AppDelegate.swift in Sources */,
				AFE4624D1E4995AF005EF633 /* UdacityConvenienceFunctions.swift in Sources */,
				57A6F61C1E58338D00AE5753 /* StudentInformation.swift in Sources */,
				57C0547A1ECC080E0099D39E /* LocationInputModel.swift in Sources */,
			);
			runOnlyForDeploymentPostprocessing = 0;
		};
		AF6DF3DB1E4443C900D3B805 /* Sources */ = {
			isa = PBXSourcesBuildPhase;
			buildActionMask = 2147483647;
			files = (
				AF6DF3E41E4443C900D3B805 /* OnTheMapTests.swift in Sources */,
			);
			runOnlyForDeploymentPostprocessing = 0;
		};
		AF6DF3E61E4443C900D3B805 /* Sources */ = {
			isa = PBXSourcesBuildPhase;
			buildActionMask = 2147483647;
			files = (
				AF6DF3EF1E4443C900D3B805 /* OnTheMapUITests.swift in Sources */,
			);
			runOnlyForDeploymentPostprocessing = 0;
		};
/* End PBXSourcesBuildPhase section */

/* Begin PBXTargetDependency section */
		AF6DF3E11E4443C900D3B805 /* PBXTargetDependency */ = {
			isa = PBXTargetDependency;
			target = AF6DF3CA1E4443C800D3B805 /* OnTheMap */;
			targetProxy = AF6DF3E01E4443C900D3B805 /* PBXContainerItemProxy */;
		};
		AF6DF3EC1E4443C900D3B805 /* PBXTargetDependency */ = {
			isa = PBXTargetDependency;
			target = AF6DF3CA1E4443C800D3B805 /* OnTheMap */;
			targetProxy = AF6DF3EB1E4443C900D3B805 /* PBXContainerItemProxy */;
		};
/* End PBXTargetDependency section */

/* Begin PBXVariantGroup section */
		AF6DF3D21E4443C900D3B805 /* Main.storyboard */ = {
			isa = PBXVariantGroup;
			children = (
				AF6DF3D31E4443C900D3B805 /* Base */,
			);
			name = Main.storyboard;
			sourceTree = "<group>";
		};
		AF6DF3D71E4443C900D3B805 /* LaunchScreen.storyboard */ = {
			isa = PBXVariantGroup;
			children = (
				AF6DF3D81E4443C900D3B805 /* Base */,
			);
			name = LaunchScreen.storyboard;
			sourceTree = "<group>";
		};
/* End PBXVariantGroup section */

/* Begin XCBuildConfiguration section */
		AF6DF3F11E4443C900D3B805 /* Debug */ = {
			isa = XCBuildConfiguration;
			buildSettings = {
				ALWAYS_SEARCH_USER_PATHS = NO;
				CLANG_ANALYZER_NONNULL = YES;
				CLANG_CXX_LANGUAGE_STANDARD = "gnu++0x";
				CLANG_CXX_LIBRARY = "libc++";
				CLANG_ENABLE_MODULES = YES;
				CLANG_ENABLE_OBJC_ARC = YES;
				CLANG_WARN_BOOL_CONVERSION = YES;
				CLANG_WARN_CONSTANT_CONVERSION = YES;
				CLANG_WARN_DIRECT_OBJC_ISA_USAGE = YES_ERROR;
				CLANG_WARN_DOCUMENTATION_COMMENTS = YES;
				CLANG_WARN_EMPTY_BODY = YES;
				CLANG_WARN_ENUM_CONVERSION = YES;
				CLANG_WARN_INFINITE_RECURSION = YES;
				CLANG_WARN_INT_CONVERSION = YES;
				CLANG_WARN_OBJC_ROOT_CLASS = YES_ERROR;
				CLANG_WARN_SUSPICIOUS_MOVE = YES;
				CLANG_WARN_SUSPICIOUS_MOVES = YES;
				CLANG_WARN_UNREACHABLE_CODE = YES;
				CLANG_WARN__DUPLICATE_METHOD_MATCH = YES;
				CODE_SIGN_IDENTITY = "iPhone Developer: mdtaps@me.com (5CF2NHR7FT)";
				"CODE_SIGN_IDENTITY[sdk=iphoneos*]" = "iPhone Developer";
				COPY_PHASE_STRIP = NO;
				DEBUG_INFORMATION_FORMAT = dwarf;
				ENABLE_STRICT_OBJC_MSGSEND = YES;
				ENABLE_TESTABILITY = YES;
				GCC_C_LANGUAGE_STANDARD = gnu99;
				GCC_DYNAMIC_NO_PIC = NO;
				GCC_NO_COMMON_BLOCKS = YES;
				GCC_OPTIMIZATION_LEVEL = 0;
				GCC_PREPROCESSOR_DEFINITIONS = (
					"DEBUG=1",
					"$(inherited)",
				);
				GCC_WARN_64_TO_32_BIT_CONVERSION = YES;
				GCC_WARN_ABOUT_RETURN_TYPE = YES_ERROR;
				GCC_WARN_UNDECLARED_SELECTOR = YES;
				GCC_WARN_UNINITIALIZED_AUTOS = YES_AGGRESSIVE;
				GCC_WARN_UNUSED_FUNCTION = YES;
				GCC_WARN_UNUSED_VARIABLE = YES;
				IPHONEOS_DEPLOYMENT_TARGET = 10.1;
				MTL_ENABLE_DEBUG_INFO = YES;
				ONLY_ACTIVE_ARCH = YES;
				SDKROOT = iphoneos;
				SWIFT_ACTIVE_COMPILATION_CONDITIONS = DEBUG;
				SWIFT_OPTIMIZATION_LEVEL = "-Onone";
				TARGETED_DEVICE_FAMILY = "1,2";
			};
			name = Debug;
		};
		AF6DF3F21E4443C900D3B805 /* Release */ = {
			isa = XCBuildConfiguration;
			buildSettings = {
				ALWAYS_SEARCH_USER_PATHS = NO;
				CLANG_ANALYZER_NONNULL = YES;
				CLANG_CXX_LANGUAGE_STANDARD = "gnu++0x";
				CLANG_CXX_LIBRARY = "libc++";
				CLANG_ENABLE_MODULES = YES;
				CLANG_ENABLE_OBJC_ARC = YES;
				CLANG_WARN_BOOL_CONVERSION = YES;
				CLANG_WARN_CONSTANT_CONVERSION = YES;
				CLANG_WARN_DIRECT_OBJC_ISA_USAGE = YES_ERROR;
				CLANG_WARN_DOCUMENTATION_COMMENTS = YES;
				CLANG_WARN_EMPTY_BODY = YES;
				CLANG_WARN_ENUM_CONVERSION = YES;
				CLANG_WARN_INFINITE_RECURSION = YES;
				CLANG_WARN_INT_CONVERSION = YES;
				CLANG_WARN_OBJC_ROOT_CLASS = YES_ERROR;
				CLANG_WARN_SUSPICIOUS_MOVE = YES;
				CLANG_WARN_SUSPICIOUS_MOVES = YES;
				CLANG_WARN_UNREACHABLE_CODE = YES;
				CLANG_WARN__DUPLICATE_METHOD_MATCH = YES;
				CODE_SIGN_IDENTITY = "iPhone Developer: mdtaps@me.com (5CF2NHR7FT)";
				"CODE_SIGN_IDENTITY[sdk=iphoneos*]" = "iPhone Developer";
				COPY_PHASE_STRIP = NO;
				DEBUG_INFORMATION_FORMAT = "dwarf-with-dsym";
				ENABLE_NS_ASSERTIONS = NO;
				ENABLE_STRICT_OBJC_MSGSEND = YES;
				GCC_C_LANGUAGE_STANDARD = gnu99;
				GCC_NO_COMMON_BLOCKS = YES;
				GCC_WARN_64_TO_32_BIT_CONVERSION = YES;
				GCC_WARN_ABOUT_RETURN_TYPE = YES_ERROR;
				GCC_WARN_UNDECLARED_SELECTOR = YES;
				GCC_WARN_UNINITIALIZED_AUTOS = YES_AGGRESSIVE;
				GCC_WARN_UNUSED_FUNCTION = YES;
				GCC_WARN_UNUSED_VARIABLE = YES;
				IPHONEOS_DEPLOYMENT_TARGET = 10.1;
				MTL_ENABLE_DEBUG_INFO = NO;
				SDKROOT = iphoneos;
				SWIFT_OPTIMIZATION_LEVEL = "-Owholemodule";
				TARGETED_DEVICE_FAMILY = "1,2";
				VALIDATE_PRODUCT = YES;
			};
			name = Release;
		};
		AF6DF3F41E4443C900D3B805 /* Debug */ = {
			isa = XCBuildConfiguration;
			baseConfigurationReference = 58ABC5A985045D5EDBEE09F4 /* Pods-OnTheMap.debug.xcconfig */;
			buildSettings = {
				ASSETCATALOG_COMPILER_APPICON_NAME = AppIcon;
				DEVELOPMENT_TEAM = 7W4UP5Q55U;
				FRAMEWORK_SEARCH_PATHS = (
					"$(inherited)",
					"$(PROJECT_DIR)/build/Debug-iphoneos/FacebookShare",
					"$(PROJECT_DIR)/build/Debug-iphoneos/FBSDKCoreKit",
					"$(PROJECT_DIR)/build/Debug-iphoneos/FBSDKLoginKit",
					"$(PROJECT_DIR)/build/Debug-iphoneos/FBSDKShareKit",
					"$(PROJECT_DIR)/build/Debug-iphoneos/Bolts",
				);
				INFOPLIST_FILE = OnTheMap/Info.plist;
				LD_RUNPATH_SEARCH_PATHS = "$(inherited) @executable_path/Frameworks";
				PRODUCT_BUNDLE_IDENTIFIER = com.mdtaps.OnTheMap;
				PRODUCT_NAME = "$(TARGET_NAME)";
				SWIFT_VERSION = 3.0;
			};
			name = Debug;
		};
		AF6DF3F51E4443C900D3B805 /* Release */ = {
			isa = XCBuildConfiguration;
			baseConfigurationReference = D7C9B674AC2405224651B11F /* Pods-OnTheMap.release.xcconfig */;
			buildSettings = {
				ASSETCATALOG_COMPILER_APPICON_NAME = AppIcon;
				DEVELOPMENT_TEAM = 7W4UP5Q55U;
				FRAMEWORK_SEARCH_PATHS = (
					"$(inherited)",
					"$(PROJECT_DIR)/build/Debug-iphoneos/FacebookShare",
					"$(PROJECT_DIR)/build/Debug-iphoneos/FBSDKCoreKit",
					"$(PROJECT_DIR)/build/Debug-iphoneos/FBSDKLoginKit",
					"$(PROJECT_DIR)/build/Debug-iphoneos/FBSDKShareKit",
					"$(PROJECT_DIR)/build/Debug-iphoneos/Bolts",
				);
				INFOPLIST_FILE = OnTheMap/Info.plist;
				LD_RUNPATH_SEARCH_PATHS = "$(inherited) @executable_path/Frameworks";
				PRODUCT_BUNDLE_IDENTIFIER = com.mdtaps.OnTheMap;
				PRODUCT_NAME = "$(TARGET_NAME)";
				SWIFT_VERSION = 3.0;
			};
			name = Release;
		};
		AF6DF3F71E4443C900D3B805 /* Debug */ = {
			isa = XCBuildConfiguration;
			baseConfigurationReference = FC84CE730D53A3F27C9232F1 /* Pods-OnTheMapTests.debug.xcconfig */;
			buildSettings = {
				ALWAYS_EMBED_SWIFT_STANDARD_LIBRARIES = YES;
				BUNDLE_LOADER = "$(TEST_HOST)";
				DEVELOPMENT_TEAM = CGABW4X2P7;
				INFOPLIST_FILE = OnTheMapTests/Info.plist;
				LD_RUNPATH_SEARCH_PATHS = "$(inherited) @executable_path/Frameworks @loader_path/Frameworks";
				PRODUCT_BUNDLE_IDENTIFIER = com.mdtaps.OnTheMapTests;
				PRODUCT_NAME = "$(TARGET_NAME)";
				SWIFT_VERSION = 3.0;
				TEST_HOST = "$(BUILT_PRODUCTS_DIR)/OnTheMap.app/OnTheMap";
			};
			name = Debug;
		};
		AF6DF3F81E4443C900D3B805 /* Release */ = {
			isa = XCBuildConfiguration;
			baseConfigurationReference = 177F7AA8018C50E40AB60BC2 /* Pods-OnTheMapTests.release.xcconfig */;
			buildSettings = {
				ALWAYS_EMBED_SWIFT_STANDARD_LIBRARIES = YES;
				BUNDLE_LOADER = "$(TEST_HOST)";
				DEVELOPMENT_TEAM = CGABW4X2P7;
				INFOPLIST_FILE = OnTheMapTests/Info.plist;
				LD_RUNPATH_SEARCH_PATHS = "$(inherited) @executable_path/Frameworks @loader_path/Frameworks";
				PRODUCT_BUNDLE_IDENTIFIER = com.mdtaps.OnTheMapTests;
				PRODUCT_NAME = "$(TARGET_NAME)";
				SWIFT_VERSION = 3.0;
				TEST_HOST = "$(BUILT_PRODUCTS_DIR)/OnTheMap.app/OnTheMap";
			};
			name = Release;
		};
		AF6DF3FA1E4443C900D3B805 /* Debug */ = {
			isa = XCBuildConfiguration;
			baseConfigurationReference = B7583718334C7B54FD52CDC7 /* Pods-OnTheMapUITests.debug.xcconfig */;
			buildSettings = {
				ALWAYS_EMBED_SWIFT_STANDARD_LIBRARIES = YES;
				DEVELOPMENT_TEAM = CGABW4X2P7;
				INFOPLIST_FILE = OnTheMapUITests/Info.plist;
				LD_RUNPATH_SEARCH_PATHS = "$(inherited) @executable_path/Frameworks @loader_path/Frameworks";
				PRODUCT_BUNDLE_IDENTIFIER = com.mdtaps.OnTheMapUITests;
				PRODUCT_NAME = "$(TARGET_NAME)";
				SWIFT_VERSION = 3.0;
				TEST_TARGET_NAME = OnTheMap;
			};
			name = Debug;
		};
		AF6DF3FB1E4443C900D3B805 /* Release */ = {
			isa = XCBuildConfiguration;
			baseConfigurationReference = 06184D08948C592EB9529553 /* Pods-OnTheMapUITests.release.xcconfig */;
			buildSettings = {
				ALWAYS_EMBED_SWIFT_STANDARD_LIBRARIES = YES;
				DEVELOPMENT_TEAM = CGABW4X2P7;
				INFOPLIST_FILE = OnTheMapUITests/Info.plist;
				LD_RUNPATH_SEARCH_PATHS = "$(inherited) @executable_path/Frameworks @loader_path/Frameworks";
				PRODUCT_BUNDLE_IDENTIFIER = com.mdtaps.OnTheMapUITests;
				PRODUCT_NAME = "$(TARGET_NAME)";
				SWIFT_VERSION = 3.0;
				TEST_TARGET_NAME = OnTheMap;
			};
			name = Release;
		};
/* End XCBuildConfiguration section */

/* Begin XCConfigurationList section */
		AF6DF3C61E4443C800D3B805 /* Build configuration list for PBXProject "OnTheMap" */ = {
			isa = XCConfigurationList;
			buildConfigurations = (
				AF6DF3F11E4443C900D3B805 /* Debug */,
				AF6DF3F21E4443C900D3B805 /* Release */,
			);
			defaultConfigurationIsVisible = 0;
			defaultConfigurationName = Release;
		};
		AF6DF3F31E4443C900D3B805 /* Build configuration list for PBXNativeTarget "OnTheMap" */ = {
			isa = XCConfigurationList;
			buildConfigurations = (
				AF6DF3F41E4443C900D3B805 /* Debug */,
				AF6DF3F51E4443C900D3B805 /* Release */,
			);
			defaultConfigurationIsVisible = 0;
			defaultConfigurationName = Release;
		};
		AF6DF3F61E4443C900D3B805 /* Build configuration list for PBXNativeTarget "OnTheMapTests" */ = {
			isa = XCConfigurationList;
			buildConfigurations = (
				AF6DF3F71E4443C900D3B805 /* Debug */,
				AF6DF3F81E4443C900D3B805 /* Release */,
			);
			defaultConfigurationIsVisible = 0;
			defaultConfigurationName = Release;
		};
		AF6DF3F91E4443C900D3B805 /* Build configuration list for PBXNativeTarget "OnTheMapUITests" */ = {
			isa = XCConfigurationList;
			buildConfigurations = (
				AF6DF3FA1E4443C900D3B805 /* Debug */,
				AF6DF3FB1E4443C900D3B805 /* Release */,
			);
			defaultConfigurationIsVisible = 0;
			defaultConfigurationName = Release;
		};
/* End XCConfigurationList section */
	};
	rootObject = AF6DF3C31E4443C800D3B805 /* Project object */;
}
